// !$*UTF8*$!
{
	archiveVersion = 1;
	classes = {
	};
	objectVersion = 51;
	objects = {

/* Begin PBXBuildFile section */
		09AD7D602459687400159169 /* AppDelegate.m in Sources */ = {isa = PBXBuildFile; fileRef = 09AD7D5F2459687400159169 /* AppDelegate.m */; };
		09AD7D6B2459687600159169 /* Assets.xcassets in Resources */ = {isa = PBXBuildFile; fileRef = 09AD7D6A2459687600159169 /* Assets.xcassets */; };
		09AD7D6E2459687600159169 /* LaunchScreen.storyboard in Resources */ = {isa = PBXBuildFile; fileRef = 09AD7D6C2459687600159169 /* LaunchScreen.storyboard */; };
		09AD7D712459687600159169 /* main.m in Sources */ = {isa = PBXBuildFile; fileRef = 09AD7D702459687600159169 /* main.m */; };
		4293738C91D055F001BC3B8B /* Pods_CTMediatorDemo.framework in Frameworks */ = {isa = PBXBuildFile; fileRef = E45F377C8FEDCF819D33ACB5 /* Pods_CTMediatorDemo.framework */; };
/* End PBXBuildFile section */

/* Begin PBXFileReference section */
		09AD7D5B2459687400159169 /* CTMediatorDemo.app */ = {isa = PBXFileReference; explicitFileType = wrapper.application; includeInIndex = 0; path = CTMediatorDemo.app; sourceTree = BUILT_PRODUCTS_DIR; };
		09AD7D5E2459687400159169 /* AppDelegate.h */ = {isa = PBXFileReference; lastKnownFileType = sourcecode.c.h; path = AppDelegate.h; sourceTree = "<group>"; };
		09AD7D5F2459687400159169 /* AppDelegate.m */ = {isa = PBXFileReference; lastKnownFileType = sourcecode.c.objc; path = AppDelegate.m; sourceTree = "<group>"; };
		09AD7D6A2459687600159169 /* Assets.xcassets */ = {isa = PBXFileReference; lastKnownFileType = folder.assetcatalog; path = Assets.xcassets; sourceTree = "<group>"; };
		09AD7D6D2459687600159169 /* Base */ = {isa = PBXFileReference; lastKnownFileType = file.storyboard; name = Base; path = Base.lproj/LaunchScreen.storyboard; sourceTree = "<group>"; };
		09AD7D6F2459687600159169 /* Info.plist */ = {isa = PBXFileReference; lastKnownFileType = text.plist.xml; path = Info.plist; sourceTree = "<group>"; };
		09AD7D702459687600159169 /* main.m */ = {isa = PBXFileReference; lastKnownFileType = sourcecode.c.objc; path = main.m; sourceTree = "<group>"; };
		2E20BA40B97F02F89E888695 /* Pods-CTMediatorDemo.release.xcconfig */ = {isa = PBXFileReference; includeInIndex = 1; lastKnownFileType = text.xcconfig; name = "Pods-CTMediatorDemo.release.xcconfig"; path = "Target Support Files/Pods-CTMediatorDemo/Pods-CTMediatorDemo.release.xcconfig"; sourceTree = "<group>"; };
		E45F377C8FEDCF819D33ACB5 /* Pods_CTMediatorDemo.framework */ = {isa = PBXFileReference; explicitFileType = wrapper.framework; includeInIndex = 0; path = Pods_CTMediatorDemo.framework; sourceTree = BUILT_PRODUCTS_DIR; };
		F221076DDDCCBA42584F824A /* Pods-CTMediatorDemo.debug.xcconfig */ = {isa = PBXFileReference; includeInIndex = 1; lastKnownFileType = text.xcconfig; name = "Pods-CTMediatorDemo.debug.xcconfig"; path = "Target Support Files/Pods-CTMediatorDemo/Pods-CTMediatorDemo.debug.xcconfig"; sourceTree = "<group>"; };
/* End PBXFileReference section */

/* Begin PBXFrameworksBuildPhase section */
		09AD7D582459687400159169 /* Frameworks */ = {
			isa = PBXFrameworksBuildPhase;
			buildActionMask = 2147483647;
			files = (
				4293738C91D055F001BC3B8B /* Pods_CTMediatorDemo.framework in Frameworks */,
			);
			runOnlyForDeploymentPostprocessing = 0;
		};
/* End PBXFrameworksBuildPhase section */

/* Begin PBXGroup section */
		09AD7D522459687400159169 = {
			isa = PBXGroup;
			children = (
				09AD7D5D2459687400159169 /* CTMediatorDemo */,
				09AD7D5C2459687400159169 /* Products */,
				7BF8797B64BE9A149920016F /* Pods */,
				107BDDE1ECE0225489473CEF /* Frameworks */,
			);
			sourceTree = "<group>";
		};
		09AD7D5C2459687400159169 /* Products */ = {
			isa = PBXGroup;
			children = (
				09AD7D5B2459687400159169 /* CTMediatorDemo.app */,
			);
			name = Products;
			sourceTree = "<group>";
		};
		09AD7D5D2459687400159169 /* CTMediatorDemo */ = {
			isa = PBXGroup;
			children = (
				09AD7D5E2459687400159169 /* AppDelegate.h */,
				09AD7D5F2459687400159169 /* AppDelegate.m */,
				09AD7D6A2459687600159169 /* Assets.xcassets */,
				09AD7D6C2459687600159169 /* LaunchScreen.storyboard */,
				09AD7D6F2459687600159169 /* Info.plist */,
				09AD7D702459687600159169 /* main.m */,
			);
			path = CTMediatorDemo;
			sourceTree = "<group>";
		};
		107BDDE1ECE0225489473CEF /* Frameworks */ = {
			isa = PBXGroup;
			children = (
				E45F377C8FEDCF819D33ACB5 /* Pods_CTMediatorDemo.framework */,
			);
			name = Frameworks;
			sourceTree = "<group>";
		};
		7BF8797B64BE9A149920016F /* Pods */ = {
			isa = PBXGroup;
			children = (
				F221076DDDCCBA42584F824A /* Pods-CTMediatorDemo.debug.xcconfig */,
				2E20BA40B97F02F89E888695 /* Pods-CTMediatorDemo.release.xcconfig */,
			);
			path = Pods;
			sourceTree = "<group>";
		};
/* End PBXGroup section */

/* Begin PBXNativeTarget section */
		09AD7D5A2459687400159169 /* CTMediatorDemo */ = {
			isa = PBXNativeTarget;
			buildConfigurationList = 09AD7D742459687600159169 /* Build configuration list for PBXNativeTarget "CTMediatorDemo" */;
			buildPhases = (
				EB7FEBDDE2664E581DEF376A /* [CP] Check Pods Manifest.lock */,
				09AD7D572459687400159169 /* Sources */,
				09AD7D582459687400159169 /* Frameworks */,
				09AD7D592459687400159169 /* Resources */,
				DD516E5879C9504C089CBA96 /* [CP] Embed Pods Frameworks */,
			);
			buildRules = (
			);
			dependencies = (
			);
			name = CTMediatorDemo;
			productName = CTMediatorDemo;
			productReference = 09AD7D5B2459687400159169 /* CTMediatorDemo.app */;
			productType = "com.apple.product-type.application";
		};
/* End PBXNativeTarget section */

/* Begin PBXProject section */
		09AD7D532459687400159169 /* Project object */ = {
			isa = PBXProject;
			attributes = {
				LastUpgradeCheck = 1140;
				ORGANIZATIONNAME = jdapple;
				TargetAttributes = {
					09AD7D5A2459687400159169 = {
						CreatedOnToolsVersion = 11.4.1;
					};
				};
			};
			buildConfigurationList = 09AD7D562459687400159169 /* Build configuration list for PBXProject "CTMediatorDemo" */;
			compatibilityVersion = "Xcode 9.3";
			developmentRegion = en;
			hasScannedForEncodings = 0;
			knownRegions = (
				en,
				Base,
			);
			mainGroup = 09AD7D522459687400159169;
			productRefGroup = 09AD7D5C2459687400159169 /* Products */;
			projectDirPath = "";
			projectRoot = "";
			targets = (
				09AD7D5A2459687400159169 /* CTMediatorDemo */,
			);
		};
/* End PBXProject section */

/* Begin PBXResourcesBuildPhase section */
		09AD7D592459687400159169 /* Resources */ = {
			isa = PBXResourcesBuildPhase;
			buildActionMask = 2147483647;
			files = (
				09AD7D6E2459687600159169 /* LaunchScreen.storyboard in Resources */,
				09AD7D6B2459687600159169 /* Assets.xcassets in Resources */,
			);
			runOnlyForDeploymentPostprocessing = 0;
		};
/* End PBXResourcesBuildPhase section */

/* Begin PBXShellScriptBuildPhase section */
		DD516E5879C9504C089CBA96 /* [CP] Embed Pods Frameworks */ = {
			isa = PBXShellScriptBuildPhase;
			buildActionMask = 2147483647;
			files = (
			);
			inputFileListPaths = (
				"${PODS_ROOT}/Target Support Files/Pods-CTMediatorDemo/Pods-CTMediatorDemo-frameworks-${CONFIGURATION}-input-files.xcfilelist",
			);
			name = "[CP] Embed Pods Frameworks";
			outputFileListPaths = (
				"${PODS_ROOT}/Target Support Files/Pods-CTMediatorDemo/Pods-CTMediatorDemo-frameworks-${CONFIGURATION}-output-files.xcfilelist",
			);
			runOnlyForDeploymentPostprocessing = 0;
			shellPath = /bin/sh;
			shellScript = "\"${PODS_ROOT}/Target Support Files/Pods-CTMediatorDemo/Pods-CTMediatorDemo-frameworks.sh\"\n";
			showEnvVarsInLog = 0;
		};
		EB7FEBDDE2664E581DEF376A /* [CP] Check Pods Manifest.lock */ = {
			isa = PBXShellScriptBuildPhase;
			buildActionMask = 2147483647;
			files = (
			);
			inputFileListPaths = (
			);
			inputPaths = (
				"${PODS_PODFILE_DIR_PATH}/Podfile.lock",
				"${PODS_ROOT}/Manifest.lock",
			);
			name = "[CP] Check Pods Manifest.lock";
			outputFileListPaths = (
			);
			outputPaths = (
				"$(DERIVED_FILE_DIR)/Pods-CTMediatorDemo-checkManifestLockResult.txt",
			);
			runOnlyForDeploymentPostprocessing = 0;
			shellPath = /bin/sh;
			shellScript = "diff \"${PODS_PODFILE_DIR_PATH}/Podfile.lock\" \"${PODS_ROOT}/Manifest.lock\" > /dev/null\nif [ $? != 0 ] ; then\n    # print error to STDERR\n    echo \"error: The sandbox is not in sync with the Podfile.lock. Run 'pod install' or update your CocoaPods installation.\" >&2\n    exit 1\nfi\n# This output is used by Xcode 'outputs' to avoid re-running this script phase.\necho \"SUCCESS\" > \"${SCRIPT_OUTPUT_FILE_0}\"\n";
			showEnvVarsInLog = 0;
		};
/* End PBXShellScriptBuildPhase section */

/* Begin PBXSourcesBuildPhase section */
		09AD7D572459687400159169 /* Sources */ = {
			isa = PBXSourcesBuildPhase;
			buildActionMask = 2147483647;
			files = (
				09AD7D602459687400159169 /* AppDelegate.m in Sources */,
				09AD7D712459687600159169 /* main.m in Sources */,
			);
			runOnlyForDeploymentPostprocessing = 0;
		};
/* End PBXSourcesBuildPhase section */

/* Begin PBXVariantGroup section */
		09AD7D6C2459687600159169 /* LaunchScreen.storyboard */ = {
			isa = PBXVariantGroup;
			children = (
				09AD7D6D2459687600159169 /* Base */,
			);
			name = LaunchScreen.storyboard;
			sourceTree = "<group>";
		};
/* End PBXVariantGroup section */

/* Begin XCBuildConfiguration section */
		09AD7D722459687600159169 /* Debug */ = {
			isa = XCBuildConfiguration;
			buildSettings = {
				ALWAYS_SEARCH_USER_PATHS = NO;
				CLANG_ANALYZER_NONNULL = YES;
				CLANG_ANALYZER_NUMBER_OBJECT_CONVERSION = YES_AGGRESSIVE;
				CLANG_CXX_LANGUAGE_STANDARD = "gnu++14";
				CLANG_CXX_LIBRARY = "libc++";
				CLANG_ENABLE_MODULES = YES;
				CLANG_ENABLE_OBJC_ARC = YES;
				CLANG_ENABLE_OBJC_WEAK = YES;
				CLANG_WARN_BLOCK_CAPTURE_AUTORELEASING = YES;
				CLANG_WARN_BOOL_CONVERSION = YES;
				CLANG_WARN_COMMA = YES;
				CLANG_WARN_CONSTANT_CONVERSION = YES;
				CLANG_WARN_DEPRECATED_OBJC_IMPLEMENTATIONS = YES;
				CLANG_WARN_DIRECT_OBJC_ISA_USAGE = YES_ERROR;
				CLANG_WARN_DOCUMENTATION_COMMENTS = YES;
				CLANG_WARN_EMPTY_BODY = YES;
				CLANG_WARN_ENUM_CONVERSION = YES;
				CLANG_WARN_INFINITE_RECURSION = YES;
				CLANG_WARN_INT_CONVERSION = YES;
				CLANG_WARN_NON_LITERAL_NULL_CONVERSION = YES;
				CLANG_WARN_OBJC_IMPLICIT_RETAIN_SELF = YES;
				CLANG_WARN_OBJC_LITERAL_CONVERSION = YES;
				CLANG_WARN_OBJC_ROOT_CLASS = YES_ERROR;
				CLANG_WARN_RANGE_LOOP_ANALYSIS = YES;
				CLANG_WARN_STRICT_PROTOTYPES = YES;
				CLANG_WARN_SUSPICIOUS_MOVE = YES;
				CLANG_WARN_UNGUARDED_AVAILABILITY = YES_AGGRESSIVE;
				CLANG_WARN_UNREACHABLE_CODE = YES;
				CLANG_WARN__DUPLICATE_METHOD_MATCH = YES;
				COPY_PHASE_STRIP = NO;
				DEBUG_INFORMATION_FORMAT = dwarf;
				ENABLE_STRICT_OBJC_MSGSEND = YES;
				ENABLE_TESTABILITY = YES;
				GCC_C_LANGUAGE_STANDARD = gnu11;
				GCC_DYNAMIC_NO_PIC = NO;
				GCC_NO_COMMON_BLOCKS = YES;
				GCC_OPTIMIZATION_LEVEL = 0;
				GCC_PREPROCESSOR_DEFINITIONS = (
					"DEBUG=1",
					"$(inherited)",
				);
				GCC_WARN_64_TO_32_BIT_CONVERSION = YES;
				GCC_WARN_ABOUT_RETURN_TYPE = YES_ERROR;
				GCC_WARN_UNDECLARED_SELECTOR = YES;
				GCC_WARN_UNINITIALIZED_AUTOS = YES_AGGRESSIVE;
				GCC_WARN_UNUSED_FUNCTION = YES;
				GCC_WARN_UNUSED_VARIABLE = YES;
				IPHONEOS_DEPLOYMENT_TARGET = 13.4;
				MTL_ENABLE_DEBUG_INFO = INCLUDE_SOURCE;
				MTL_FAST_MATH = YES;
				ONLY_ACTIVE_ARCH = YES;
				SDKROOT = iphoneos;
			};
			name = Debug;
		};
		09AD7D732459687600159169 /* Release */ = {
			isa = XCBuildConfiguration;
			buildSettings = {
				ALWAYS_SEARCH_USER_PATHS = NO;
				CLANG_ANALYZER_NONNULL = YES;
				CLANG_ANALYZER_NUMBER_OBJECT_CONVERSION = YES_AGGRESSIVE;
				CLANG_CXX_LANGUAGE_STANDARD = "gnu++14";
				CLANG_CXX_LIBRARY = "libc++";
				CLANG_ENABLE_MODULES = YES;
				CLANG_ENABLE_OBJC_ARC = YES;
				CLANG_ENABLE_OBJC_WEAK = YES;
				CLANG_WARN_BLOCK_CAPTURE_AUTORELEASING = YES;
				CLANG_WARN_BOOL_CONVERSION = YES;
				CLANG_WARN_COMMA = YES;
				CLANG_WARN_CONSTANT_CONVERSION = YES;
				CLANG_WARN_DEPRECATED_OBJC_IMPLEMENTATIONS = YES;
				CLANG_WARN_DIRECT_OBJC_ISA_USAGE = YES_ERROR;
				CLANG_WARN_DOCUMENTATION_COMMENTS = YES;
				CLANG_WARN_EMPTY_BODY = YES;
				CLANG_WARN_ENUM_CONVERSION = YES;
				CLANG_WARN_INFINITE_RECURSION = YES;
				CLANG_WARN_INT_CONVERSION = YES;
				CLANG_WARN_NON_LITERAL_NULL_CONVERSION = YES;
				CLANG_WARN_OBJC_IMPLICIT_RETAIN_SELF = YES;
				CLANG_WARN_OBJC_LITERAL_CONVERSION = YES;
				CLANG_WARN_OBJC_ROOT_CLASS = YES_ERROR;
				CLANG_WARN_RANGE_LOOP_ANALYSIS = YES;
				CLANG_WARN_STRICT_PROTOTYPES = YES;
				CLANG_WARN_SUSPICIOUS_MOVE = YES;
				CLANG_WARN_UNGUARDED_AVAILABILITY = YES_AGGRESSIVE;
				CLANG_WARN_UNREACHABLE_CODE = YES;
				CLANG_WARN__DUPLICATE_METHOD_MATCH = YES;
				COPY_PHASE_STRIP = NO;
				DEBUG_INFORMATION_FORMAT = "dwarf-with-dsym";
				ENABLE_NS_ASSERTIONS = NO;
				ENABLE_STRICT_OBJC_MSGSEND = YES;
				GCC_C_LANGUAGE_STANDARD = gnu11;
				GCC_NO_COMMON_BLOCKS = YES;
				GCC_WARN_64_TO_32_BIT_CONVERSION = YES;
				GCC_WARN_ABOUT_RETURN_TYPE = YES_ERROR;
				GCC_WARN_UNDECLARED_SELECTOR = YES;
				GCC_WARN_UNINITIALIZED_AUTOS = YES_AGGRESSIVE;
				GCC_WARN_UNUSED_FUNCTION = YES;
				GCC_WARN_UNUSED_VARIABLE = YES;
				IPHONEOS_DEPLOYMENT_TARGET = 13.4;
				MTL_ENABLE_DEBUG_INFO = NO;
				MTL_FAST_MATH = YES;
				SDKROOT = iphoneos;
				VALIDATE_PRODUCT = YES;
			};
			name = Release;
		};
		09AD7D752459687600159169 /* Debug */ = {
			isa = XCBuildConfiguration;
			baseConfigurationReference = F221076DDDCCBA42584F824A /* Pods-CTMediatorDemo.debug.xcconfig */;
			buildSettings = {
				ASSETCATALOG_COMPILER_APPICON_NAME = AppIcon;
				CODE_SIGN_STYLE = Automatic;
				DEVELOPMENT_TEAM = FUS4AN23VD;
				INFOPLIST_FILE = CTMediatorDemo/Info.plist;
				IPHONEOS_DEPLOYMENT_TARGET = 10.0;
				LD_RUNPATH_SEARCH_PATHS = (
					"$(inherited)",
					"@executable_path/Frameworks",
				);
				PRODUCT_BUNDLE_IDENTIFIER = com.livi.CTMediatorDemo;
				PRODUCT_NAME = "$(TARGET_NAME)";
				TARGETED_DEVICE_FAMILY = 1;
			};
			name = Debug;
		};
		09AD7D762459687600159169 /* Release */ = {
			isa = XCBuildConfiguration;
			baseConfigurationReference = 2E20BA40B97F02F89E888695 /* Pods-CTMediatorDemo.release.xcconfig */;
			buildSettings = {
				ASSETCATALOG_COMPILER_APPICON_NAME = AppIcon;
				CODE_SIGN_STYLE = Automatic;
				DEVELOPMENT_TEAM = FUS4AN23VD;
				INFOPLIST_FILE = CTMediatorDemo/Info.plist;
				IPHONEOS_DEPLOYMENT_TARGET = 10.0;
				LD_RUNPATH_SEARCH_PATHS = (
					"$(inherited)",
					"@executable_path/Frameworks",
				);
				PRODUCT_BUNDLE_IDENTIFIER = com.livi.CTMediatorDemo;
				PRODUCT_NAME = "$(TARGET_NAME)";
				TARGETED_DEVICE_FAMILY = 1;
			};
			name = Release;
		};
/* End XCBuildConfiguration section */

/* Begin XCConfigurationList section */
		09AD7D562459687400159169 /* Build configuration list for PBXProject "CTMediatorDemo" */ = {
			isa = XCConfigurationList;
			buildConfigurations = (
				09AD7D722459687600159169 /* Debug */,
				09AD7D732459687600159169 /* Release */,
			);
			defaultConfigurationIsVisible = 0;
			defaultConfigurationName = Release;
		};
		09AD7D742459687600159169 /* Build configuration list for PBXNativeTarget "CTMediatorDemo" */ = {
			isa = XCConfigurationList;
			buildConfigurations = (
				09AD7D752459687600159169 /* Debug */,
				09AD7D762459687600159169 /* Release */,
			);
			defaultConfigurationIsVisible = 0;
			defaultConfigurationName = Release;
		};
/* End XCConfigurationList section */
	};
	rootObject = 09AD7D532459687400159169 /* Project object */;
}
